
Microsoft Visual Studio Solution File, Format Version 12.00
# Visual Studio 15
VisualStudioVersion = 15.0.28307.421
MinimumVisualStudioVersion = 10.0.40219.1
Project("{FAE04EC0-301F-11D3-BF4B-00C04F79EFBC}") = "MgaSample", "MgaSample\MgaSample.csproj", "{E7239402-A003-43C6-BD7F-87A4FCCCA859}"
EndProject
Global
	GlobalSection(SolutionConfigurationPlatforms) = preSolution
		Debug|Any CPU = Debug|Any CPU
		Release|Any CPU = Release|Any CPU
	EndGlobalSection
	GlobalSection(ProjectConfigurationPlatforms) = postSolution
		{E7239402-A003-43C6-BD7F-87A4FCCCA859}.Debug|Any CPU.ActiveCfg = Debug|Any CPU
		{E7239402-A003-43C6-BD7F-87A4FCCCA859}.Debug|Any CPU.Build.0 = Debug|Any CPU
		{E7239402-A003-43C6-BD7F-87A4FCCCA859}.Release|Any CPU.ActiveCfg = Release|Any CPU
		{E7239402-A003-43C6-BD7F-87A4FCCCA859}.Release|Any CPU.Build.0 = Release|Any CPU
	EndGlobalSection
	GlobalSection(SolutionProperties) = preSolution
		HideSolutionNode = FALSE
	EndGlobalSection
	GlobalSection(ExtensibilityGlobals) = postSolution
		SolutionGuid = {998ACCD6-DC2E-4EEC-9B95-5A07E527AEE0}
	EndGlobalSection
EndGlobal
